// !$*UTF8*$!
{
	archiveVersion = 1;
	classes = {
	};
	objectVersion = 50;
	objects = {

/* Begin PBXBuildFile section */
		AD3B83772587828F0076E73A /* AppDelegate.m in Sources */ = {isa = PBXBuildFile; fileRef = AD3B83762587828F0076E73A /* AppDelegate.m */; };
		AD3B837A2587828F0076E73A /* SceneDelegate.m in Sources */ = {isa = PBXBuildFile; fileRef = AD3B83792587828F0076E73A /* SceneDelegate.m */; };
		AD3B837D2587828F0076E73A /* ViewController.m in Sources */ = {isa = PBXBuildFile; fileRef = AD3B837C2587828F0076E73A /* ViewController.m */; };
		AD3B83802587828F0076E73A /* Main.storyboard in Resources */ = {isa = PBXBuildFile; fileRef = AD3B837E2587828F0076E73A /* Main.storyboard */; };
		AD3B8382258782910076E73A /* Assets.xcassets in Resources */ = {isa = PBXBuildFile; fileRef = AD3B8381258782910076E73A /* Assets.xcassets */; };
		AD3B8385258782910076E73A /* LaunchScreen.storyboard in Resources */ = {isa = PBXBuildFile; fileRef = AD3B8383258782910076E73A /* LaunchScreen.storyboard */; };
		AD3B8388258782910076E73A /* main.m in Sources */ = {isa = PBXBuildFile; fileRef = AD3B8387258782910076E73A /* main.m */; };
		AD3B83912588D1300076E73A /* icon.bundle in Resources */ = {isa = PBXBuildFile; fileRef = AD3B83902588D1300076E73A /* icon.bundle */; };
		ADD612B7258CE69D00A2FD05 /* GTVideoViewController.m in Sources */ = {isa = PBXBuildFile; fileRef = ADD612B6258CE69D00A2FD05 /* GTVideoViewController.m */; };
		ADD612BB2590EB6600A2FD05 /* GTRecommendViewController.m in Sources */ = {isa = PBXBuildFile; fileRef = ADD612BA2590EB6600A2FD05 /* GTRecommendViewController.m */; };
		ADD612BF2598DA5D00A2FD05 /* GTNormalTableViewCell.m in Sources */ = {isa = PBXBuildFile; fileRef = ADD612BE2598DA5D00A2FD05 /* GTNormalTableViewCell.m */; };
		ADD612C32598DF3000A2FD05 /* GTLikeViewController.m in Sources */ = {isa = PBXBuildFile; fileRef = ADD612C22598DF3000A2FD05 /* GTLikeViewController.m */; };
		ADD612CD259A2E7200A2FD05 /* GTMyViewController.m in Sources */ = {isa = PBXBuildFile; fileRef = ADD612CC259A2E7200A2FD05 /* GTMyViewController.m */; };
		ADD612D1259B803000A2FD05 /* GTDeleteCellView.m in Sources */ = {isa = PBXBuildFile; fileRef = ADD612D0259B803000A2FD05 /* GTDeleteCellView.m */; };
/* End PBXBuildFile section */

/* Begin PBXFileReference section */
		AD3B83722587828F0076E73A /* SampleApp.app */ = {isa = PBXFileReference; explicitFileType = wrapper.application; includeInIndex = 0; path = SampleApp.app; sourceTree = BUILT_PRODUCTS_DIR; };
		AD3B83752587828F0076E73A /* AppDelegate.h */ = {isa = PBXFileReference; lastKnownFileType = sourcecode.c.h; path = AppDelegate.h; sourceTree = "<group>"; };
		AD3B83762587828F0076E73A /* AppDelegate.m */ = {isa = PBXFileReference; lastKnownFileType = sourcecode.c.objc; path = AppDelegate.m; sourceTree = "<group>"; };
		AD3B83782587828F0076E73A /* SceneDelegate.h */ = {isa = PBXFileReference; lastKnownFileType = sourcecode.c.h; path = SceneDelegate.h; sourceTree = "<group>"; };
		AD3B83792587828F0076E73A /* SceneDelegate.m */ = {isa = PBXFileReference; lastKnownFileType = sourcecode.c.objc; path = SceneDelegate.m; sourceTree = "<group>"; };
		AD3B837B2587828F0076E73A /* ViewController.h */ = {isa = PBXFileReference; lastKnownFileType = sourcecode.c.h; path = ViewController.h; sourceTree = "<group>"; };
		AD3B837C2587828F0076E73A /* ViewController.m */ = {isa = PBXFileReference; lastKnownFileType = sourcecode.c.objc; path = ViewController.m; sourceTree = "<group>"; };
		AD3B837F2587828F0076E73A /* Base */ = {isa = PBXFileReference; lastKnownFileType = file.storyboard; name = Base; path = Base.lproj/Main.storyboard; sourceTree = "<group>"; };
		AD3B8381258782910076E73A /* Assets.xcassets */ = {isa = PBXFileReference; lastKnownFileType = folder.assetcatalog; path = Assets.xcassets; sourceTree = "<group>"; };
		AD3B8384258782910076E73A /* Base */ = {isa = PBXFileReference; lastKnownFileType = file.storyboard; name = Base; path = Base.lproj/LaunchScreen.storyboard; sourceTree = "<group>"; };
		AD3B8386258782910076E73A /* Info.plist */ = {isa = PBXFileReference; lastKnownFileType = text.plist.xml; path = Info.plist; sourceTree = "<group>"; };
		AD3B8387258782910076E73A /* main.m */ = {isa = PBXFileReference; lastKnownFileType = sourcecode.c.objc; path = main.m; sourceTree = "<group>"; };
		AD3B83902588D1300076E73A /* icon.bundle */ = {isa = PBXFileReference; lastKnownFileType = "wrapper.plug-in"; path = icon.bundle; sourceTree = "<group>"; };
		ADD612B2258CB94400A2FD05 /* icon.bundle */ = {isa = PBXFileReference; lastKnownFileType = "wrapper.plug-in"; path = icon.bundle; sourceTree = "<group>"; };
		ADD612B5258CE69D00A2FD05 /* GTVideoViewController.h */ = {isa = PBXFileReference; lastKnownFileType = sourcecode.c.h; path = GTVideoViewController.h; sourceTree = "<group>"; };
		ADD612B6258CE69D00A2FD05 /* GTVideoViewController.m */ = {isa = PBXFileReference; lastKnownFileType = sourcecode.c.objc; path = GTVideoViewController.m; sourceTree = "<group>"; };
		ADD612B92590EB6600A2FD05 /* GTRecommendViewController.h */ = {isa = PBXFileReference; lastKnownFileType = sourcecode.c.h; path = GTRecommendViewController.h; sourceTree = "<group>"; };
		ADD612BA2590EB6600A2FD05 /* GTRecommendViewController.m */ = {isa = PBXFileReference; lastKnownFileType = sourcecode.c.objc; path = GTRecommendViewController.m; sourceTree = "<group>"; };
		ADD612BD2598DA5D00A2FD05 /* GTNormalTableViewCell.h */ = {isa = PBXFileReference; lastKnownFileType = sourcecode.c.h; path = GTNormalTableViewCell.h; sourceTree = "<group>"; };
		ADD612BE2598DA5D00A2FD05 /* GTNormalTableViewCell.m */ = {isa = PBXFileReference; lastKnownFileType = sourcecode.c.objc; path = GTNormalTableViewCell.m; sourceTree = "<group>"; };
		ADD612C12598DF3000A2FD05 /* GTLikeViewController.h */ = {isa = PBXFileReference; lastKnownFileType = sourcecode.c.h; path = GTLikeViewController.h; sourceTree = "<group>"; };
		ADD612C22598DF3000A2FD05 /* GTLikeViewController.m */ = {isa = PBXFileReference; lastKnownFileType = sourcecode.c.objc; path = GTLikeViewController.m; sourceTree = "<group>"; };
		ADD612CB259A2E7200A2FD05 /* GTMyViewController.h */ = {isa = PBXFileReference; lastKnownFileType = sourcecode.c.h; path = GTMyViewController.h; sourceTree = "<group>"; };
		ADD612CC259A2E7200A2FD05 /* GTMyViewController.m */ = {isa = PBXFileReference; lastKnownFileType = sourcecode.c.objc; path = GTMyViewController.m; sourceTree = "<group>"; };
		ADD612CF259B803000A2FD05 /* GTDeleteCellView.h */ = {isa = PBXFileReference; lastKnownFileType = sourcecode.c.h; path = GTDeleteCellView.h; sourceTree = "<group>"; };
		ADD612D0259B803000A2FD05 /* GTDeleteCellView.m */ = {isa = PBXFileReference; lastKnownFileType = sourcecode.c.objc; path = GTDeleteCellView.m; sourceTree = "<group>"; };
/* End PBXFileReference section */

/* Begin PBXFrameworksBuildPhase section */
		AD3B836F2587828F0076E73A /* Frameworks */ = {
			isa = PBXFrameworksBuildPhase;
			buildActionMask = 2147483647;
			files = (
			);
			runOnlyForDeploymentPostprocessing = 0;
		};
/* End PBXFrameworksBuildPhase section */

/* Begin PBXGroup section */
		AD3B83692587828F0076E73A = {
			isa = PBXGroup;
			children = (
				AD3B83742587828F0076E73A /* SampleApp */,
				AD3B83732587828F0076E73A /* Products */,
			);
			sourceTree = "<group>";
		};
		AD3B83732587828F0076E73A /* Products */ = {
			isa = PBXGroup;
			children = (
				AD3B83722587828F0076E73A /* SampleApp.app */,
			);
			name = Products;
			sourceTree = "<group>";
		};
		AD3B83742587828F0076E73A /* SampleApp */ = {
			isa = PBXGroup;
			children = (
				AD3B83902588D1300076E73A /* icon.bundle */,
				ADD612B2258CB94400A2FD05 /* icon.bundle */,
				AD3B83752587828F0076E73A /* AppDelegate.h */,
				AD3B83762587828F0076E73A /* AppDelegate.m */,
				AD3B83782587828F0076E73A /* SceneDelegate.h */,
				AD3B83792587828F0076E73A /* SceneDelegate.m */,
				AD3B837B2587828F0076E73A /* ViewController.h */,
				AD3B837C2587828F0076E73A /* ViewController.m */,
				AD3B837E2587828F0076E73A /* Main.storyboard */,
				AD3B8381258782910076E73A /* Assets.xcassets */,
				AD3B8383258782910076E73A /* LaunchScreen.storyboard */,
				AD3B8386258782910076E73A /* Info.plist */,
				AD3B8387258782910076E73A /* main.m */,
				ADD612B5258CE69D00A2FD05 /* GTVideoViewController.h */,
				ADD612B6258CE69D00A2FD05 /* GTVideoViewController.m */,
				ADD612B92590EB6600A2FD05 /* GTRecommendViewController.h */,
				ADD612BA2590EB6600A2FD05 /* GTRecommendViewController.m */,
				ADD612BD2598DA5D00A2FD05 /* GTNormalTableViewCell.h */,
				ADD612BE2598DA5D00A2FD05 /* GTNormalTableViewCell.m */,
				ADD612C12598DF3000A2FD05 /* GTLikeViewController.h */,
				ADD612C22598DF3000A2FD05 /* GTLikeViewController.m */,
				ADD612CB259A2E7200A2FD05 /* GTMyViewController.h */,
				ADD612CC259A2E7200A2FD05 /* GTMyViewController.m */,
				ADD612CF259B803000A2FD05 /* GTDeleteCellView.h */,
				ADD612D0259B803000A2FD05 /* GTDeleteCellView.m */,
			);
			path = SampleApp;
			sourceTree = "<group>";
		};
/* End PBXGroup section */

/* Begin PBXNativeTarget section */
		AD3B83712587828F0076E73A /* SampleApp */ = {
			isa = PBXNativeTarget;
			buildConfigurationList = AD3B838B258782910076E73A /* Build configuration list for PBXNativeTarget "SampleApp" */;
			buildPhases = (
				AD3B836E2587828F0076E73A /* Sources */,
				AD3B836F2587828F0076E73A /* Frameworks */,
				AD3B83702587828F0076E73A /* Resources */,
			);
			buildRules = (
			);
			dependencies = (
			);
			name = SampleApp;
			productName = SampleApp;
			productReference = AD3B83722587828F0076E73A /* SampleApp.app */;
			productType = "com.apple.product-type.application";
		};
/* End PBXNativeTarget section */

/* Begin PBXProject section */
		AD3B836A2587828F0076E73A /* Project object */ = {
			isa = PBXProject;
			attributes = {
				LastUpgradeCheck = 1220;
				TargetAttributes = {
					AD3B83712587828F0076E73A = {
						CreatedOnToolsVersion = 12.2;
					};
				};
			};
			buildConfigurationList = AD3B836D2587828F0076E73A /* Build configuration list for PBXProject "SampleApp" */;
			compatibilityVersion = "Xcode 9.3";
			developmentRegion = en;
			hasScannedForEncodings = 0;
			knownRegions = (
				en,
				Base,
			);
			mainGroup = AD3B83692587828F0076E73A;
			productRefGroup = AD3B83732587828F0076E73A /* Products */;
			projectDirPath = "";
			projectRoot = "";
			targets = (
				AD3B83712587828F0076E73A /* SampleApp */,
			);
		};
/* End PBXProject section */

/* Begin PBXResourcesBuildPhase section */
		AD3B83702587828F0076E73A /* Resources */ = {
			isa = PBXResourcesBuildPhase;
			buildActionMask = 2147483647;
			files = (
				AD3B83912588D1300076E73A /* icon.bundle in Resources */,
				AD3B8385258782910076E73A /* LaunchScreen.storyboard in Resources */,
				AD3B8382258782910076E73A /* Assets.xcassets in Resources */,
				AD3B83802587828F0076E73A /* Main.storyboard in Resources */,
			);
			runOnlyForDeploymentPostprocessing = 0;
		};
/* End PBXResourcesBuildPhase section */

/* Begin PBXSourcesBuildPhase section */
		AD3B836E2587828F0076E73A /* Sources */ = {
			isa = PBXSourcesBuildPhase;
			buildActionMask = 2147483647;
			files = (
				ADD612C32598DF3000A2FD05 /* GTLikeViewController.m in Sources */,
				ADD612BF2598DA5D00A2FD05 /* GTNormalTableViewCell.m in Sources */,
				AD3B837D2587828F0076E73A /* ViewController.m in Sources */,
				ADD612B7258CE69D00A2FD05 /* GTVideoViewController.m in Sources */,
				ADD612BB2590EB6600A2FD05 /* GTRecommendViewController.m in Sources */,
				AD3B83772587828F0076E73A /* AppDelegate.m in Sources */,
				AD3B8388258782910076E73A /* main.m in Sources */,
				AD3B837A2587828F0076E73A /* SceneDelegate.m in Sources */,
				ADD612D1259B803000A2FD05 /* GTDeleteCellView.m in Sources */,
				ADD612CD259A2E7200A2FD05 /* GTMyViewController.m in Sources */,
			);
			runOnlyForDeploymentPostprocessing = 0;
		};
/* End PBXSourcesBuildPhase section */

/* Begin PBXVariantGroup section */
		AD3B837E2587828F0076E73A /* Main.storyboard */ = {
			isa = PBXVariantGroup;
			children = (
				AD3B837F2587828F0076E73A /* Base */,
			);
			name = Main.storyboard;
			sourceTree = "<group>";
		};
		AD3B8383258782910076E73A /* LaunchScreen.storyboard */ = {
			isa = PBXVariantGroup;
			children = (
				AD3B8384258782910076E73A /* Base */,
			);
			name = LaunchScreen.storyboard;
			sourceTree = "<group>";
		};
/* End PBXVariantGroup section */

/* Begin XCBuildConfiguration section */
		AD3B8389258782910076E73A /* Debug */ = {
			isa = XCBuildConfiguration;
			buildSettings = {
				ALWAYS_SEARCH_USER_PATHS = NO;
				CLANG_ANALYZER_NONNULL = YES;
				CLANG_ANALYZER_NUMBER_OBJECT_CONVERSION = YES_AGGRESSIVE;
				CLANG_CXX_LANGUAGE_STANDARD = "gnu++14";
				CLANG_CXX_LIBRARY = "libc++";
				CLANG_ENABLE_MODULES = YES;
				CLANG_ENABLE_OBJC_ARC = YES;
				CLANG_ENABLE_OBJC_WEAK = YES;
				CLANG_WARN_BLOCK_CAPTURE_AUTORELEASING = YES;
				CLANG_WARN_BOOL_CONVERSION = YES;
				CLANG_WARN_COMMA = YES;
				CLANG_WARN_CONSTANT_CONVERSION = YES;
				CLANG_WARN_DEPRECATED_OBJC_IMPLEMENTATIONS = YES;
				CLANG_WARN_DIRECT_OBJC_ISA_USAGE = YES_ERROR;
				CLANG_WARN_DOCUMENTATION_COMMENTS = YES;
				CLANG_WARN_EMPTY_BODY = YES;
				CLANG_WARN_ENUM_CONVERSION = YES;
				CLANG_WARN_INFINITE_RECURSION = YES;
				CLANG_WARN_INT_CONVERSION = YES;
				CLANG_WARN_NON_LITERAL_NULL_CONVERSION = YES;
				CLANG_WARN_OBJC_IMPLICIT_RETAIN_SELF = YES;
				CLANG_WARN_OBJC_LITERAL_CONVERSION = YES;
				CLANG_WARN_OBJC_ROOT_CLASS = YES_ERROR;
				CLANG_WARN_QUOTED_INCLUDE_IN_FRAMEWORK_HEADER = YES;
				CLANG_WARN_RANGE_LOOP_ANALYSIS = YES;
				CLANG_WARN_STRICT_PROTOTYPES = YES;
				CLANG_WARN_SUSPICIOUS_MOVE = YES;
				CLANG_WARN_UNGUARDED_AVAILABILITY = YES_AGGRESSIVE;
				CLANG_WARN_UNREACHABLE_CODE = YES;
				CLANG_WARN__DUPLICATE_METHOD_MATCH = YES;
				COPY_PHASE_STRIP = NO;
				DEBUG_INFORMATION_FORMAT = dwarf;
				ENABLE_STRICT_OBJC_MSGSEND = YES;
				ENABLE_TESTABILITY = YES;
				GCC_C_LANGUAGE_STANDARD = gnu11;
				GCC_DYNAMIC_NO_PIC = NO;
				GCC_NO_COMMON_BLOCKS = YES;
				GCC_OPTIMIZATION_LEVEL = 0;
				GCC_PREPROCESSOR_DEFINITIONS = (
					"DEBUG=1",
					"$(inherited)",
				);
				GCC_WARN_64_TO_32_BIT_CONVERSION = YES;
				GCC_WARN_ABOUT_RETURN_TYPE = YES_ERROR;
				GCC_WARN_UNDECLARED_SELECTOR = YES;
				GCC_WARN_UNINITIALIZED_AUTOS = YES_AGGRESSIVE;
				GCC_WARN_UNUSED_FUNCTION = YES;
				GCC_WARN_UNUSED_VARIABLE = YES;
				IPHONEOS_DEPLOYMENT_TARGET = 14.2;
				MTL_ENABLE_DEBUG_INFO = INCLUDE_SOURCE;
				MTL_FAST_MATH = YES;
				ONLY_ACTIVE_ARCH = YES;
				SDKROOT = iphoneos;
			};
			name = Debug;
		};
		AD3B838A258782910076E73A /* Release */ = {
			isa = XCBuildConfiguration;
			buildSettings = {
				ALWAYS_SEARCH_USER_PATHS = NO;
				CLANG_ANALYZER_NONNULL = YES;
				CLANG_ANALYZER_NUMBER_OBJECT_CONVERSION = YES_AGGRESSIVE;
				CLANG_CXX_LANGUAGE_STANDARD = "gnu++14";
				CLANG_CXX_LIBRARY = "libc++";
				CLANG_ENABLE_MODULES = YES;
				CLANG_ENABLE_OBJC_ARC = YES;
				CLANG_ENABLE_OBJC_WEAK = YES;
				CLANG_WARN_BLOCK_CAPTURE_AUTORELEASING = YES;
				CLANG_WARN_BOOL_CONVERSION = YES;
				CLANG_WARN_COMMA = YES;
				CLANG_WARN_CONSTANT_CONVERSION = YES;
				CLANG_WARN_DEPRECATED_OBJC_IMPLEMENTATIONS = YES;
				CLANG_WARN_DIRECT_OBJC_ISA_USAGE = YES_ERROR;
				CLANG_WARN_DOCUMENTATION_COMMENTS = YES;
				CLANG_WARN_EMPTY_BODY = YES;
				CLANG_WARN_ENUM_CONVERSION = YES;
				CLANG_WARN_INFINITE_RECURSION = YES;
				CLANG_WARN_INT_CONVERSION = YES;
				CLANG_WARN_NON_LITERAL_NULL_CONVERSION = YES;
				CLANG_WARN_OBJC_IMPLICIT_RETAIN_SELF = YES;
				CLANG_WARN_OBJC_LITERAL_CONVERSION = YES;
				CLANG_WARN_OBJC_ROOT_CLASS = YES_ERROR;
				CLANG_WARN_QUOTED_INCLUDE_IN_FRAMEWORK_HEADER = YES;
				CLANG_WARN_RANGE_LOOP_ANALYSIS = YES;
				CLANG_WARN_STRICT_PROTOTYPES = YES;
				CLANG_WARN_SUSPICIOUS_MOVE = YES;
				CLANG_WARN_UNGUARDED_AVAILABILITY = YES_AGGRESSIVE;
				CLANG_WARN_UNREACHABLE_CODE = YES;
				CLANG_WARN__DUPLICATE_METHOD_MATCH = YES;
				COPY_PHASE_STRIP = NO;
				DEBUG_INFORMATION_FORMAT = "dwarf-with-dsym";
				ENABLE_NS_ASSERTIONS = NO;
				ENABLE_STRICT_OBJC_MSGSEND = YES;
				GCC_C_LANGUAGE_STANDARD = gnu11;
				GCC_NO_COMMON_BLOCKS = YES;
				GCC_WARN_64_TO_32_BIT_CONVERSION = YES;
				GCC_WARN_ABOUT_RETURN_TYPE = YES_ERROR;
				GCC_WARN_UNDECLARED_SELECTOR = YES;
				GCC_WARN_UNINITIALIZED_AUTOS = YES_AGGRESSIVE;
				GCC_WARN_UNUSED_FUNCTION = YES;
				GCC_WARN_UNUSED_VARIABLE = YES;
				IPHONEOS_DEPLOYMENT_TARGET = 14.2;
				MTL_ENABLE_DEBUG_INFO = NO;
				MTL_FAST_MATH = YES;
				SDKROOT = iphoneos;
				VALIDATE_PRODUCT = YES;
			};
			name = Release;
		};
		AD3B838C258782910076E73A /* Debug */ = {
			isa = XCBuildConfiguration;
			buildSettings = {
				ASSETCATALOG_COMPILER_APPICON_NAME = AppIcon;
				ASSETCATALOG_COMPILER_GLOBAL_ACCENT_COLOR_NAME = AccentColor;
				CODE_SIGN_STYLE = Automatic;
				DEVELOPMENT_TEAM = VLNN9SL437;
				INFOPLIST_FILE = SampleApp/Info.plist;
				LD_RUNPATH_SEARCH_PATHS = (
					"$(inherited)",
					"@executable_path/Frameworks",
				);
				PRODUCT_BUNDLE_IDENTIFIER = shenwl.SampleApp;
				PRODUCT_NAME = "$(TARGET_NAME)";
				TARGETED_DEVICE_FAMILY = "1,2";
			};
			name = Debug;
		};
		AD3B838D258782910076E73A /* Release */ = {
			isa = XCBuildConfiguration;
			buildSettings = {
				ASSETCATALOG_COMPILER_APPICON_NAME = AppIcon;
				ASSETCATALOG_COMPILER_GLOBAL_ACCENT_COLOR_NAME = AccentColor;
				CODE_SIGN_STYLE = Automatic;
				DEVELOPMENT_TEAM = VLNN9SL437;
				INFOPLIST_FILE = SampleApp/Info.plist;
				LD_RUNPATH_SEARCH_PATHS = (
					"$(inherited)",
					"@executable_path/Frameworks",
				);
				PRODUCT_BUNDLE_IDENTIFIER = shenwl.SampleApp;
				PRODUCT_NAME = "$(TARGET_NAME)";
				TARGETED_DEVICE_FAMILY = "1,2";
			};
			name = Release;
		};
/* End XCBuildConfiguration section */

/* Begin XCConfigurationList section */
		AD3B836D2587828F0076E73A /* Build configuration list for PBXProject "SampleApp" */ = {
			isa = XCConfigurationList;
			buildConfigurations = (
				AD3B8389258782910076E73A /* Debug */,
				AD3B838A258782910076E73A /* Release */,
			);
			defaultConfigurationIsVisible = 0;
			defaultConfigurationName = Release;
		};
		AD3B838B258782910076E73A /* Build configuration list for PBXNativeTarget "SampleApp" */ = {
			isa = XCConfigurationList;
			buildConfigurations = (
				AD3B838C258782910076E73A /* Debug */,
				AD3B838D258782910076E73A /* Release */,
			);
			defaultConfigurationIsVisible = 0;
			defaultConfigurationName = Release;
		};
/* End XCConfigurationList section */
	};
	rootObject = AD3B836A2587828F0076E73A /* Project object */;
}
